
Microsoft Visual Studio Solution File, Format Version 12.00
# Visual Studio Version 16
VisualStudioVersion = 16.0.31005.135
MinimumVisualStudioVersion = 10.0.40219.1
Project("{FAE04EC0-301F-11D3-BF4B-00C04F79EFBC}") = "Tic Tac Toe", "Tic Tac Toe\Tic Tac Toe.csproj", "{F17AC69A-6007-4162-BFCB-D27F05F1229B}"
EndProject
Global
	GlobalSection(SolutionConfigurationPlatforms) = preSolution
		Debug|Any CPU = Debug|Any CPU
		Release|Any CPU = Release|Any CPU
	EndGlobalSection
	GlobalSection(ProjectConfigurationPlatforms) = postSolution
		{F17AC69A-6007-4162-BFCB-D27F05F1229B}.Debug|Any CPU.ActiveCfg = Debug|Any CPU
		{F17AC69A-6007-4162-BFCB-D27F05F1229B}.Debug|Any CPU.Build.0 = Debug|Any CPU
		{F17AC69A-6007-4162-BFCB-D27F05F1229B}.Release|Any CPU.ActiveCfg = Release|Any CPU
		{F17AC69A-6007-4162-BFCB-D27F05F1229B}.Release|Any CPU.Build.0 = Release|Any CPU
	EndGlobalSection
	GlobalSection(SolutionProperties) = preSolution
		HideSolutionNode = FALSE
	EndGlobalSection
	GlobalSection(ExtensibilityGlobals) = postSolution
		SolutionGuid = {244D7FD6-6781-4F33-946E-EB1F0DBC6E77}
	EndGlobalSection
EndGlobal
